// !$*UTF8*$!
{
	archiveVersion = 1;
	classes = {
	};
	objectVersion = 55;
	objects = {

/* Begin PBXBuildFile section */
		A519C12227DC751400647BD7 /* SettingTableViewController.swift in Sources */ = {isa = PBXBuildFile; fileRef = A519C12127DC751400647BD7 /* SettingTableViewController.swift */; };
		A519C12427DC7B5B00647BD7 /* MovingCell.swift in Sources */ = {isa = PBXBuildFile; fileRef = A519C12327DC7B5B00647BD7 /* MovingCell.swift */; };
		A519C12627DC834F00647BD7 /* LogoutCell.swift in Sources */ = {isa = PBXBuildFile; fileRef = A519C12527DC834F00647BD7 /* LogoutCell.swift */; };
		A519C12827DC836000647BD7 /* AppCell.swift in Sources */ = {isa = PBXBuildFile; fileRef = A519C12727DC836000647BD7 /* AppCell.swift */; };
		A519C12A27DCBA0D00647BD7 /* VersionViewController.swift in Sources */ = {isa = PBXBuildFile; fileRef = A519C12927DCBA0D00647BD7 /* VersionViewController.swift */; };
		A519C12C27DCC2E200647BD7 /* AccountViewController.swift in Sources */ = {isa = PBXBuildFile; fileRef = A519C12B27DCC2E200647BD7 /* AccountViewController.swift */; };
		A51AA99B27C89E26002DC390 /* HomeViewModel.swift in Sources */ = {isa = PBXBuildFile; fileRef = A51AA99A27C89E26002DC390 /* HomeViewModel.swift */; };
		A51AA99D27C8E27D002DC390 /* LikeViewModel.swift in Sources */ = {isa = PBXBuildFile; fileRef = A51AA99C27C8E27D002DC390 /* LikeViewModel.swift */; };
		A529238927CB3C6F00DD13EF /* LoginViewModel.swift in Sources */ = {isa = PBXBuildFile; fileRef = A529238827CB3C6F00DD13EF /* LoginViewModel.swift */; };
		A529238B27CB654400DD13EF /* EnterEmailViewModel.swift in Sources */ = {isa = PBXBuildFile; fileRef = A529238A27CB654400DD13EF /* EnterEmailViewModel.swift */; };
		A529238F27CB739500DD13EF /* ResetPasswordViewModel.swift in Sources */ = {isa = PBXBuildFile; fileRef = A529238E27CB739500DD13EF /* ResetPasswordViewModel.swift */; };
		A529239327CBA01F00DD13EF /* TutorialViewModel.swift in Sources */ = {isa = PBXBuildFile; fileRef = A529239227CBA01F00DD13EF /* TutorialViewModel.swift */; };
		A529721627DDBA78005AC217 /* ThemeViewController.swift in Sources */ = {isa = PBXBuildFile; fileRef = A529721527DDBA78005AC217 /* ThemeViewController.swift */; };
		A529721827DDC310005AC217 /* ThemeTableViewCell.swift in Sources */ = {isa = PBXBuildFile; fileRef = A529721727DDC310005AC217 /* ThemeTableViewCell.swift */; };
		A529721B27DDFA98005AC217 /* ThemeManager.swift in Sources */ = {isa = PBXBuildFile; fileRef = A529721A27DDFA98005AC217 /* ThemeManager.swift */; };
		A5335CA827AD67F200C67292 /* Kingfisher in Frameworks */ = {isa = PBXBuildFile; productRef = A5335CA727AD67F200C67292 /* Kingfisher */; };
		A53507B62745F9EA003C7841 /* NoticeViewController.swift in Sources */ = {isa = PBXBuildFile; fileRef = A53507B52745F9EA003C7841 /* NoticeViewController.swift */; };
		A538F5FE27E07D7700996446 /* ThanksTableViewController.swift in Sources */ = {isa = PBXBuildFile; fileRef = A538F5FD27E07D7700996446 /* ThanksTableViewController.swift */; };
		A538F60027E083C300996446 /* ThanksTableViewCell.swift in Sources */ = {isa = PBXBuildFile; fileRef = A538F5FF27E083C300996446 /* ThanksTableViewCell.swift */; };
		A54F36B72765C32F008EE7A4 /* ShareViewController.swift in Sources */ = {isa = PBXBuildFile; fileRef = A54F36B62765C32F008EE7A4 /* ShareViewController.swift */; };
		A55298D02733920800DCB870 /* NetworkViewController.swift in Sources */ = {isa = PBXBuildFile; fileRef = A55298CF2733920800DCB870 /* NetworkViewController.swift */; };
		A55B55E8273F884300A3A814 /* NetworkCheck.swift in Sources */ = {isa = PBXBuildFile; fileRef = A55B55E7273F884300A3A814 /* NetworkCheck.swift */; };
		A55B810F27DF108F00C254BE /* FontManager.swift in Sources */ = {isa = PBXBuildFile; fileRef = A55B810E27DF108F00C254BE /* FontManager.swift */; };
		A55B811127DF10B000C254BE /* FontViewController.swift in Sources */ = {isa = PBXBuildFile; fileRef = A55B811027DF10B000C254BE /* FontViewController.swift */; };
		A55B811327DF116000C254BE /* FontTableViewCell.swift in Sources */ = {isa = PBXBuildFile; fileRef = A55B811227DF116000C254BE /* FontTableViewCell.swift */; };
		A55B811727DF2B7E00C254BE /* NanumBarunpenR.otf in Resources */ = {isa = PBXBuildFile; fileRef = A55B811627DF2B7E00C254BE /* NanumBarunpenR.otf */; };
		A55B811927DF2CBC00C254BE /* NanumBarunpenB.otf in Resources */ = {isa = PBXBuildFile; fileRef = A55B811827DF2CBC00C254BE /* NanumBarunpenB.otf */; };
		A55B811C27DF390C00C254BE /* EliceDigitalBaeumOTF_Bold.otf in Resources */ = {isa = PBXBuildFile; fileRef = A55B811A27DF390C00C254BE /* EliceDigitalBaeumOTF_Bold.otf */; };
		A55B811D27DF390C00C254BE /* EliceDigitalBaeumOTF_Regular.otf in Resources */ = {isa = PBXBuildFile; fileRef = A55B811B27DF390C00C254BE /* EliceDigitalBaeumOTF_Regular.otf */; };
		A55B812027DF3B7F00C254BE /* NanumSquareRoundOTFR.otf in Resources */ = {isa = PBXBuildFile; fileRef = A55B811E27DF3B7F00C254BE /* NanumSquareRoundOTFR.otf */; };
		A55B812127DF3B7F00C254BE /* NanumSquareRoundOTFB.otf in Resources */ = {isa = PBXBuildFile; fileRef = A55B811F27DF3B7F00C254BE /* NanumSquareRoundOTFB.otf */; };
		A55B812427DF45D400C254BE /* GowunBatang-Regular.ttf in Resources */ = {isa = PBXBuildFile; fileRef = A55B812227DF45D400C254BE /* GowunBatang-Regular.ttf */; };
		A55B812527DF45D400C254BE /* GowunDodum-Regular.ttf in Resources */ = {isa = PBXBuildFile; fileRef = A55B812327DF45D400C254BE /* GowunDodum-Regular.ttf */; };
		A55B812927DF45F600C254BE /* 강원교육모두.otf in Resources */ = {isa = PBXBuildFile; fileRef = A55B812627DF45F600C254BE /* 강원교육모두.otf */; };
		A55B812E27DF4F3300C254BE /* Kyobo Handwriting 2019.otf in Resources */ = {isa = PBXBuildFile; fileRef = A55B812C27DF4F3300C254BE /* Kyobo Handwriting 2019.otf */; };
		A55B812F27DF4F3300C254BE /* KyoboHandwriting2020pdy.otf in Resources */ = {isa = PBXBuildFile; fileRef = A55B812D27DF4F3300C254BE /* KyoboHandwriting2020pdy.otf */; };
		A55B813427DF521200C254BE /* UhBeeZZIBA-Regular.ttf in Resources */ = {isa = PBXBuildFile; fileRef = A55B813127DF521200C254BE /* UhBeeZZIBA-Regular.ttf */; };
		A55B813927DF56B000C254BE /* LeeSeoyun.otf in Resources */ = {isa = PBXBuildFile; fileRef = A55B813827DF56B000C254BE /* LeeSeoyun.otf */; };
		A561379B2734DCDD006C16CF /* SearchCollectionHeaderView.swift in Sources */ = {isa = PBXBuildFile; fileRef = A561379A2734DCDD006C16CF /* SearchCollectionHeaderView.swift */; };
		A585645B27AFA8EA00985AF2 /* GoogleService-Info.plist in Resources */ = {isa = PBXBuildFile; fileRef = A585645A27AFA8EA00985AF2 /* GoogleService-Info.plist */; };
		A5912D0827C9D45C00E2E822 /* UnusedViewModel.swift in Sources */ = {isa = PBXBuildFile; fileRef = A5912D0727C9D45C00E2E822 /* UnusedViewModel.swift */; };
		A5912D0A27C9ECC100E2E822 /* SearchViewModel.swift in Sources */ = {isa = PBXBuildFile; fileRef = A5912D0927C9ECC100E2E822 /* SearchViewModel.swift */; };
		A5912D0C27C9F9E300E2E822 /* DetailViewModel.swift in Sources */ = {isa = PBXBuildFile; fileRef = A5912D0B27C9F9E300E2E822 /* DetailViewModel.swift */; };
		A5912D1027CA1F7200E2E822 /* SettingViewModel.swift in Sources */ = {isa = PBXBuildFile; fileRef = A5912D0F27CA1F7200E2E822 /* SettingViewModel.swift */; };
		A59FAFA7272D5BE7000807A5 /* AppDelegate.swift in Sources */ = {isa = PBXBuildFile; fileRef = A59FAFA6272D5BE7000807A5 /* AppDelegate.swift */; };
		A59FAFA9272D5BE7000807A5 /* SceneDelegate.swift in Sources */ = {isa = PBXBuildFile; fileRef = A59FAFA8272D5BE7000807A5 /* SceneDelegate.swift */; };
		A59FAFAE272D5BE7000807A5 /* Main.storyboard in Resources */ = {isa = PBXBuildFile; fileRef = A59FAFAC272D5BE7000807A5 /* Main.storyboard */; };
		A59FAFB0272D5BE8000807A5 /* Assets.xcassets in Resources */ = {isa = PBXBuildFile; fileRef = A59FAFAF272D5BE8000807A5 /* Assets.xcassets */; };
		A59FAFB3272D5BE8000807A5 /* LaunchScreen.storyboard in Resources */ = {isa = PBXBuildFile; fileRef = A59FAFB1272D5BE8000807A5 /* LaunchScreen.storyboard */; };
		A59FAFBB272D5C16000807A5 /* LoginViewController.swift in Sources */ = {isa = PBXBuildFile; fileRef = A59FAFBA272D5C16000807A5 /* LoginViewController.swift */; };
		A59FAFBD272D624B000807A5 /* EnterEmailViewController.swift in Sources */ = {isa = PBXBuildFile; fileRef = A59FAFBC272D624B000807A5 /* EnterEmailViewController.swift */; };
		A59FAFBF272D655F000807A5 /* MainViewController.swift in Sources */ = {isa = PBXBuildFile; fileRef = A59FAFBE272D655F000807A5 /* MainViewController.swift */; };
		A59FAFC1272D6659000807A5 /* HomeViewController.swift in Sources */ = {isa = PBXBuildFile; fileRef = A59FAFC0272D6659000807A5 /* HomeViewController.swift */; };
		A5A69B702742416B009F26CC /* ShowViewController.swift in Sources */ = {isa = PBXBuildFile; fileRef = A5A69B6F2742416B009F26CC /* ShowViewController.swift */; };
		A5BF517C274365C90006EFBC /* HS새마을체.ttf in Resources */ = {isa = PBXBuildFile; fileRef = A5BF516C274365C90006EFBC /* HS새마을체.ttf */; };
		A5BF517F274381A70006EFBC /* UIConfigure.swift in Sources */ = {isa = PBXBuildFile; fileRef = A5BF517E274381A70006EFBC /* UIConfigure.swift */; };
		A5BF5181274384660006EFBC /* SetValueCurrentUser.swift in Sources */ = {isa = PBXBuildFile; fileRef = A5BF5180274384660006EFBC /* SetValueCurrentUser.swift */; };
		A5C2CC9227461B3400908A4D /* ResetPasswordViewController.swift in Sources */ = {isa = PBXBuildFile; fileRef = A5C2CC9127461B3400908A4D /* ResetPasswordViewController.swift */; };
		A5D4611C274B3D91008DBF4B /* TutorialViewController.swift in Sources */ = {isa = PBXBuildFile; fileRef = A5D4611B274B3D91008DBF4B /* TutorialViewController.swift */; };
		A5EFE23D272FB8F00086EBAC /* HomeCollectionViewCell.swift in Sources */ = {isa = PBXBuildFile; fileRef = A5EFE23C272FB8F00086EBAC /* HomeCollectionViewCell.swift */; };
		A5EFE23F272FB9050086EBAC /* HomeCollectionHeaderView.swift in Sources */ = {isa = PBXBuildFile; fileRef = A5EFE23E272FB9050086EBAC /* HomeCollectionHeaderView.swift */; };
		A5EFE241272FBC400086EBAC /* StudyStimulateText.swift in Sources */ = {isa = PBXBuildFile; fileRef = A5EFE240272FBC400086EBAC /* StudyStimulateText.swift */; };
		A5EFE246272FC3340086EBAC /* DetailViewController.swift in Sources */ = {isa = PBXBuildFile; fileRef = A5EFE245272FC3340086EBAC /* DetailViewController.swift */; };
		A5EFE249272FD8180086EBAC /* LikeViewController.swift in Sources */ = {isa = PBXBuildFile; fileRef = A5EFE248272FD8180086EBAC /* LikeViewController.swift */; };
		A5EFE24B272FD8280086EBAC /* LikeCollectionViewCell.swift in Sources */ = {isa = PBXBuildFile; fileRef = A5EFE24A272FD8280086EBAC /* LikeCollectionViewCell.swift */; };
		A5EFE24D272FD8370086EBAC /* LikeCollectionHeaderView.swift in Sources */ = {isa = PBXBuildFile; fileRef = A5EFE24C272FD8370086EBAC /* LikeCollectionHeaderView.swift */; };
		A5EFE250272FDDE20086EBAC /* UnusedViewController.swift in Sources */ = {isa = PBXBuildFile; fileRef = A5EFE24F272FDDE20086EBAC /* UnusedViewController.swift */; };
		A5EFE252272FDDF20086EBAC /* UnusedCollectionViewCell.swift in Sources */ = {isa = PBXBuildFile; fileRef = A5EFE251272FDDF20086EBAC /* UnusedCollectionViewCell.swift */; };
		A5EFE254272FDDFF0086EBAC /* UnusedCollectionHeaderView.swift in Sources */ = {isa = PBXBuildFile; fileRef = A5EFE253272FDDFF0086EBAC /* UnusedCollectionHeaderView.swift */; };
		A5EFE257272FF3580086EBAC /* SearchViewController.swift in Sources */ = {isa = PBXBuildFile; fileRef = A5EFE256272FF3580086EBAC /* SearchViewController.swift */; };
		A5EFE259272FF3670086EBAC /* SearchCollectionViewCell.swift in Sources */ = {isa = PBXBuildFile; fileRef = A5EFE258272FF3670086EBAC /* SearchCollectionViewCell.swift */; };
		BBEE75F73738EB9868E09EE4 /* Pods_Modakyi.framework in Frameworks */ = {isa = PBXBuildFile; fileRef = 47C009F1227421F2F4FB41CF /* Pods_Modakyi.framework */; };
/* End PBXBuildFile section */

/* Begin PBXCopyFilesBuildPhase section */
		A55B5583273F6E5F00A3A814 /* Embed App Extensions */ = {
			isa = PBXCopyFilesBuildPhase;
			buildActionMask = 2147483647;
			dstPath = "";
			dstSubfolderSpec = 13;
			files = (
			);
			name = "Embed App Extensions";
			runOnlyForDeploymentPostprocessing = 0;
		};
/* End PBXCopyFilesBuildPhase section */

/* Begin PBXFileReference section */
		2FD333FAF9815CFB8F3F417C /* Pods-Modakyi.debug.xcconfig */ = {isa = PBXFileReference; includeInIndex = 1; lastKnownFileType = text.xcconfig; name = "Pods-Modakyi.debug.xcconfig"; path = "Target Support Files/Pods-Modakyi/Pods-Modakyi.debug.xcconfig"; sourceTree = "<group>"; };
		36FE3BA783AE6AF7B3264C9F /* Pods-Modakyi.release.xcconfig */ = {isa = PBXFileReference; includeInIndex = 1; lastKnownFileType = text.xcconfig; name = "Pods-Modakyi.release.xcconfig"; path = "Target Support Files/Pods-Modakyi/Pods-Modakyi.release.xcconfig"; sourceTree = "<group>"; };
		47C009F1227421F2F4FB41CF /* Pods_Modakyi.framework */ = {isa = PBXFileReference; explicitFileType = wrapper.framework; includeInIndex = 0; path = Pods_Modakyi.framework; sourceTree = BUILT_PRODUCTS_DIR; };
		A519C12127DC751400647BD7 /* SettingTableViewController.swift */ = {isa = PBXFileReference; lastKnownFileType = sourcecode.swift; path = SettingTableViewController.swift; sourceTree = "<group>"; };
		A519C12327DC7B5B00647BD7 /* MovingCell.swift */ = {isa = PBXFileReference; lastKnownFileType = sourcecode.swift; path = MovingCell.swift; sourceTree = "<group>"; };
		A519C12527DC834F00647BD7 /* LogoutCell.swift */ = {isa = PBXFileReference; lastKnownFileType = sourcecode.swift; path = LogoutCell.swift; sourceTree = "<group>"; };
		A519C12727DC836000647BD7 /* AppCell.swift */ = {isa = PBXFileReference; lastKnownFileType = sourcecode.swift; path = AppCell.swift; sourceTree = "<group>"; };
		A519C12927DCBA0D00647BD7 /* VersionViewController.swift */ = {isa = PBXFileReference; lastKnownFileType = sourcecode.swift; path = VersionViewController.swift; sourceTree = "<group>"; };
		A519C12B27DCC2E200647BD7 /* AccountViewController.swift */ = {isa = PBXFileReference; lastKnownFileType = sourcecode.swift; path = AccountViewController.swift; sourceTree = "<group>"; };
		A51AA99A27C89E26002DC390 /* HomeViewModel.swift */ = {isa = PBXFileReference; lastKnownFileType = sourcecode.swift; path = HomeViewModel.swift; sourceTree = "<group>"; };
		A51AA99C27C8E27D002DC390 /* LikeViewModel.swift */ = {isa = PBXFileReference; lastKnownFileType = sourcecode.swift; path = LikeViewModel.swift; sourceTree = "<group>"; };
		A529238827CB3C6F00DD13EF /* LoginViewModel.swift */ = {isa = PBXFileReference; lastKnownFileType = sourcecode.swift; path = LoginViewModel.swift; sourceTree = "<group>"; };
		A529238A27CB654400DD13EF /* EnterEmailViewModel.swift */ = {isa = PBXFileReference; lastKnownFileType = sourcecode.swift; name = EnterEmailViewModel.swift; path = Modakyi/Login/EnterEmail/EnterEmailViewModel.swift; sourceTree = SOURCE_ROOT; };
		A529238E27CB739500DD13EF /* ResetPasswordViewModel.swift */ = {isa = PBXFileReference; lastKnownFileType = sourcecode.swift; path = ResetPasswordViewModel.swift; sourceTree = "<group>"; };
		A529239227CBA01F00DD13EF /* TutorialViewModel.swift */ = {isa = PBXFileReference; lastKnownFileType = sourcecode.swift; path = TutorialViewModel.swift; sourceTree = "<group>"; };
		A529721527DDBA78005AC217 /* ThemeViewController.swift */ = {isa = PBXFileReference; lastKnownFileType = sourcecode.swift; path = ThemeViewController.swift; sourceTree = "<group>"; };
		A529721727DDC310005AC217 /* ThemeTableViewCell.swift */ = {isa = PBXFileReference; lastKnownFileType = sourcecode.swift; path = ThemeTableViewCell.swift; sourceTree = "<group>"; };
		A529721A27DDFA98005AC217 /* ThemeManager.swift */ = {isa = PBXFileReference; lastKnownFileType = sourcecode.swift; path = ThemeManager.swift; sourceTree = "<group>"; };
		A53507B52745F9EA003C7841 /* NoticeViewController.swift */ = {isa = PBXFileReference; lastKnownFileType = sourcecode.swift; path = NoticeViewController.swift; sourceTree = "<group>"; };
		A538F5FD27E07D7700996446 /* ThanksTableViewController.swift */ = {isa = PBXFileReference; lastKnownFileType = sourcecode.swift; path = ThanksTableViewController.swift; sourceTree = "<group>"; };
		A538F5FF27E083C300996446 /* ThanksTableViewCell.swift */ = {isa = PBXFileReference; lastKnownFileType = sourcecode.swift; path = ThanksTableViewCell.swift; sourceTree = "<group>"; };
		A54F36B62765C32F008EE7A4 /* ShareViewController.swift */ = {isa = PBXFileReference; lastKnownFileType = sourcecode.swift; path = ShareViewController.swift; sourceTree = "<group>"; };
		A55298CF2733920800DCB870 /* NetworkViewController.swift */ = {isa = PBXFileReference; lastKnownFileType = sourcecode.swift; path = NetworkViewController.swift; sourceTree = "<group>"; };
		A55B5573273F6E5E00A3A814 /* WidgetKit.framework */ = {isa = PBXFileReference; lastKnownFileType = wrapper.framework; name = WidgetKit.framework; path = System/Library/Frameworks/WidgetKit.framework; sourceTree = SDKROOT; };
		A55B5575273F6E5E00A3A814 /* SwiftUI.framework */ = {isa = PBXFileReference; lastKnownFileType = wrapper.framework; name = SwiftUI.framework; path = System/Library/Frameworks/SwiftUI.framework; sourceTree = SDKROOT; };
		A55B55B0273F7CA700A3A814 /* FirebaseDatabase.framework */ = {isa = PBXFileReference; explicitFileType = wrapper.framework; path = FirebaseDatabase.framework; sourceTree = BUILT_PRODUCTS_DIR; };
		A55B55B8273F802C00A3A814 /* FirebaseAnalytics.xcframework */ = {isa = PBXFileReference; lastKnownFileType = wrapper.xcframework; name = FirebaseAnalytics.xcframework; path = Pods/FirebaseAnalytics/Frameworks/FirebaseAnalytics.xcframework; sourceTree = "<group>"; };
		A55B55B9273F802C00A3A814 /* FirebaseAuth.framework */ = {isa = PBXFileReference; explicitFileType = wrapper.framework; path = FirebaseAuth.framework; sourceTree = BUILT_PRODUCTS_DIR; };
		A55B55BA273F802C00A3A814 /* FirebaseCore.framework */ = {isa = PBXFileReference; explicitFileType = wrapper.framework; path = FirebaseCore.framework; sourceTree = BUILT_PRODUCTS_DIR; };
		A55B55BB273F802C00A3A814 /* FirebaseCoreDiagnostics.framework */ = {isa = PBXFileReference; explicitFileType = wrapper.framework; path = FirebaseCoreDiagnostics.framework; sourceTree = BUILT_PRODUCTS_DIR; };
		A55B55BC273F802C00A3A814 /* FirebaseDatabase.framework */ = {isa = PBXFileReference; explicitFileType = wrapper.framework; path = FirebaseDatabase.framework; sourceTree = BUILT_PRODUCTS_DIR; };
		A55B55BD273F802C00A3A814 /* FirebaseInstallations.framework */ = {isa = PBXFileReference; explicitFileType = wrapper.framework; path = FirebaseInstallations.framework; sourceTree = BUILT_PRODUCTS_DIR; };
		A55B55CB273F811000A3A814 /* FirebaseAuth.framework */ = {isa = PBXFileReference; explicitFileType = wrapper.framework; path = FirebaseAuth.framework; sourceTree = BUILT_PRODUCTS_DIR; };
		A55B55CC273F811000A3A814 /* FirebaseCore.framework */ = {isa = PBXFileReference; explicitFileType = wrapper.framework; path = FirebaseCore.framework; sourceTree = BUILT_PRODUCTS_DIR; };
		A55B55CD273F811000A3A814 /* FirebaseCoreDiagnostics.framework */ = {isa = PBXFileReference; explicitFileType = wrapper.framework; path = FirebaseCoreDiagnostics.framework; sourceTree = BUILT_PRODUCTS_DIR; };
		A55B55CE273F811000A3A814 /* FirebaseDatabase.framework */ = {isa = PBXFileReference; explicitFileType = wrapper.framework; path = FirebaseDatabase.framework; sourceTree = BUILT_PRODUCTS_DIR; };
		A55B55CF273F811000A3A814 /* FirebaseInstallations.framework */ = {isa = PBXFileReference; explicitFileType = wrapper.framework; path = FirebaseInstallations.framework; sourceTree = BUILT_PRODUCTS_DIR; };
		A55B55E7273F884300A3A814 /* NetworkCheck.swift */ = {isa = PBXFileReference; lastKnownFileType = sourcecode.swift; path = NetworkCheck.swift; sourceTree = "<group>"; };
		A55B810E27DF108F00C254BE /* FontManager.swift */ = {isa = PBXFileReference; lastKnownFileType = sourcecode.swift; path = FontManager.swift; sourceTree = "<group>"; };
		A55B811027DF10B000C254BE /* FontViewController.swift */ = {isa = PBXFileReference; lastKnownFileType = sourcecode.swift; path = FontViewController.swift; sourceTree = "<group>"; };
		A55B811227DF116000C254BE /* FontTableViewCell.swift */ = {isa = PBXFileReference; lastKnownFileType = sourcecode.swift; path = FontTableViewCell.swift; sourceTree = "<group>"; };
		A55B811627DF2B7E00C254BE /* NanumBarunpenR.otf */ = {isa = PBXFileReference; lastKnownFileType = file; path = NanumBarunpenR.otf; sourceTree = "<group>"; };
		A55B811827DF2CBC00C254BE /* NanumBarunpenB.otf */ = {isa = PBXFileReference; lastKnownFileType = file; path = NanumBarunpenB.otf; sourceTree = "<group>"; };
		A55B811A27DF390C00C254BE /* EliceDigitalBaeumOTF_Bold.otf */ = {isa = PBXFileReference; lastKnownFileType = file; path = EliceDigitalBaeumOTF_Bold.otf; sourceTree = "<group>"; };
		A55B811B27DF390C00C254BE /* EliceDigitalBaeumOTF_Regular.otf */ = {isa = PBXFileReference; lastKnownFileType = file; path = EliceDigitalBaeumOTF_Regular.otf; sourceTree = "<group>"; };
		A55B811E27DF3B7F00C254BE /* NanumSquareRoundOTFR.otf */ = {isa = PBXFileReference; lastKnownFileType = file; path = NanumSquareRoundOTFR.otf; sourceTree = "<group>"; };
		A55B811F27DF3B7F00C254BE /* NanumSquareRoundOTFB.otf */ = {isa = PBXFileReference; lastKnownFileType = file; path = NanumSquareRoundOTFB.otf; sourceTree = "<group>"; };
		A55B812227DF45D400C254BE /* GowunBatang-Regular.ttf */ = {isa = PBXFileReference; lastKnownFileType = file; path = "GowunBatang-Regular.ttf"; sourceTree = "<group>"; };
		A55B812327DF45D400C254BE /* GowunDodum-Regular.ttf */ = {isa = PBXFileReference; lastKnownFileType = file; path = "GowunDodum-Regular.ttf"; sourceTree = "<group>"; };
		A55B812627DF45F600C254BE /* 강원교육모두.otf */ = {isa = PBXFileReference; lastKnownFileType = file; path = "강원교육모두.otf"; sourceTree = "<group>"; };
		A55B812C27DF4F3300C254BE /* Kyobo Handwriting 2019.otf */ = {isa = PBXFileReference; lastKnownFileType = file; path = "Kyobo Handwriting 2019.otf"; sourceTree = "<group>"; };
		A55B812D27DF4F3300C254BE /* KyoboHandwriting2020pdy.otf */ = {isa = PBXFileReference; lastKnownFileType = file; path = KyoboHandwriting2020pdy.otf; sourceTree = "<group>"; };
		A55B813127DF521200C254BE /* UhBeeZZIBA-Regular.ttf */ = {isa = PBXFileReference; lastKnownFileType = file; path = "UhBeeZZIBA-Regular.ttf"; sourceTree = "<group>"; };
		A55B813827DF56B000C254BE /* LeeSeoyun.otf */ = {isa = PBXFileReference; lastKnownFileType = file; path = LeeSeoyun.otf; sourceTree = "<group>"; };
		A561379A2734DCDD006C16CF /* SearchCollectionHeaderView.swift */ = {isa = PBXFileReference; lastKnownFileType = sourcecode.swift; path = SearchCollectionHeaderView.swift; sourceTree = "<group>"; };
		A585645A27AFA8EA00985AF2 /* GoogleService-Info.plist */ = {isa = PBXFileReference; fileEncoding = 4; lastKnownFileType = text.plist.xml; path = "GoogleService-Info.plist"; sourceTree = "<group>"; };
		A5912D0727C9D45C00E2E822 /* UnusedViewModel.swift */ = {isa = PBXFileReference; lastKnownFileType = sourcecode.swift; path = UnusedViewModel.swift; sourceTree = "<group>"; };
		A5912D0927C9ECC100E2E822 /* SearchViewModel.swift */ = {isa = PBXFileReference; lastKnownFileType = sourcecode.swift; path = SearchViewModel.swift; sourceTree = "<group>"; };
		A5912D0B27C9F9E300E2E822 /* DetailViewModel.swift */ = {isa = PBXFileReference; lastKnownFileType = sourcecode.swift; path = DetailViewModel.swift; sourceTree = "<group>"; };
		A5912D0F27CA1F7200E2E822 /* SettingViewModel.swift */ = {isa = PBXFileReference; lastKnownFileType = sourcecode.swift; path = SettingViewModel.swift; sourceTree = "<group>"; };
		A59FAFA3272D5BE7000807A5 /* Modakyi.app */ = {isa = PBXFileReference; explicitFileType = wrapper.application; includeInIndex = 0; path = Modakyi.app; sourceTree = BUILT_PRODUCTS_DIR; };
		A59FAFA6272D5BE7000807A5 /* AppDelegate.swift */ = {isa = PBXFileReference; lastKnownFileType = sourcecode.swift; path = AppDelegate.swift; sourceTree = "<group>"; };
		A59FAFA8272D5BE7000807A5 /* SceneDelegate.swift */ = {isa = PBXFileReference; lastKnownFileType = sourcecode.swift; path = SceneDelegate.swift; sourceTree = "<group>"; };
		A59FAFAD272D5BE7000807A5 /* Base */ = {isa = PBXFileReference; lastKnownFileType = file.storyboard; name = Base; path = Base.lproj/Main.storyboard; sourceTree = "<group>"; };
		A59FAFAF272D5BE8000807A5 /* Assets.xcassets */ = {isa = PBXFileReference; lastKnownFileType = folder.assetcatalog; path = Assets.xcassets; sourceTree = "<group>"; };
		A59FAFB2272D5BE8000807A5 /* Base */ = {isa = PBXFileReference; lastKnownFileType = file.storyboard; name = Base; path = Base.lproj/LaunchScreen.storyboard; sourceTree = "<group>"; };
		A59FAFB4272D5BE8000807A5 /* Info.plist */ = {isa = PBXFileReference; lastKnownFileType = text.plist.xml; path = Info.plist; sourceTree = "<group>"; };
		A59FAFBA272D5C16000807A5 /* LoginViewController.swift */ = {isa = PBXFileReference; lastKnownFileType = sourcecode.swift; path = LoginViewController.swift; sourceTree = "<group>"; };
		A59FAFBC272D624B000807A5 /* EnterEmailViewController.swift */ = {isa = PBXFileReference; lastKnownFileType = sourcecode.swift; path = EnterEmailViewController.swift; sourceTree = "<group>"; };
		A59FAFBE272D655F000807A5 /* MainViewController.swift */ = {isa = PBXFileReference; lastKnownFileType = sourcecode.swift; path = MainViewController.swift; sourceTree = "<group>"; };
		A59FAFC0272D6659000807A5 /* HomeViewController.swift */ = {isa = PBXFileReference; lastKnownFileType = sourcecode.swift; path = HomeViewController.swift; sourceTree = "<group>"; };
		A59FAFC4272D6CA8000807A5 /* Modakyi.entitlements */ = {isa = PBXFileReference; lastKnownFileType = text.plist.entitlements; path = Modakyi.entitlements; sourceTree = "<group>"; };
		A5A69B6F2742416B009F26CC /* ShowViewController.swift */ = {isa = PBXFileReference; lastKnownFileType = sourcecode.swift; path = ShowViewController.swift; sourceTree = "<group>"; };
		A5BF516C274365C90006EFBC /* HS새마을체.ttf */ = {isa = PBXFileReference; lastKnownFileType = file; path = "HS새마을체.ttf"; sourceTree = "<group>"; };
		A5BF517E274381A70006EFBC /* UIConfigure.swift */ = {isa = PBXFileReference; lastKnownFileType = sourcecode.swift; path = UIConfigure.swift; sourceTree = "<group>"; };
		A5BF5180274384660006EFBC /* SetValueCurrentUser.swift */ = {isa = PBXFileReference; lastKnownFileType = sourcecode.swift; path = SetValueCurrentUser.swift; sourceTree = "<group>"; };
		A5C2CC9127461B3400908A4D /* ResetPasswordViewController.swift */ = {isa = PBXFileReference; lastKnownFileType = sourcecode.swift; path = ResetPasswordViewController.swift; sourceTree = "<group>"; };
		A5D4611B274B3D91008DBF4B /* TutorialViewController.swift */ = {isa = PBXFileReference; lastKnownFileType = sourcecode.swift; path = TutorialViewController.swift; sourceTree = "<group>"; };
		A5EFE23C272FB8F00086EBAC /* HomeCollectionViewCell.swift */ = {isa = PBXFileReference; lastKnownFileType = sourcecode.swift; path = HomeCollectionViewCell.swift; sourceTree = "<group>"; };
		A5EFE23E272FB9050086EBAC /* HomeCollectionHeaderView.swift */ = {isa = PBXFileReference; lastKnownFileType = sourcecode.swift; path = HomeCollectionHeaderView.swift; sourceTree = "<group>"; };
		A5EFE240272FBC400086EBAC /* StudyStimulateText.swift */ = {isa = PBXFileReference; lastKnownFileType = sourcecode.swift; path = StudyStimulateText.swift; sourceTree = "<group>"; };
		A5EFE245272FC3340086EBAC /* DetailViewController.swift */ = {isa = PBXFileReference; lastKnownFileType = sourcecode.swift; path = DetailViewController.swift; sourceTree = "<group>"; };
		A5EFE248272FD8180086EBAC /* LikeViewController.swift */ = {isa = PBXFileReference; lastKnownFileType = sourcecode.swift; path = LikeViewController.swift; sourceTree = "<group>"; };
		A5EFE24A272FD8280086EBAC /* LikeCollectionViewCell.swift */ = {isa = PBXFileReference; lastKnownFileType = sourcecode.swift; path = LikeCollectionViewCell.swift; sourceTree = "<group>"; };
		A5EFE24C272FD8370086EBAC /* LikeCollectionHeaderView.swift */ = {isa = PBXFileReference; lastKnownFileType = sourcecode.swift; path = LikeCollectionHeaderView.swift; sourceTree = "<group>"; };
		A5EFE24F272FDDE20086EBAC /* UnusedViewController.swift */ = {isa = PBXFileReference; lastKnownFileType = sourcecode.swift; path = UnusedViewController.swift; sourceTree = "<group>"; };
		A5EFE251272FDDF20086EBAC /* UnusedCollectionViewCell.swift */ = {isa = PBXFileReference; lastKnownFileType = sourcecode.swift; path = UnusedCollectionViewCell.swift; sourceTree = "<group>"; };
		A5EFE253272FDDFF0086EBAC /* UnusedCollectionHeaderView.swift */ = {isa = PBXFileReference; lastKnownFileType = sourcecode.swift; path = UnusedCollectionHeaderView.swift; sourceTree = "<group>"; };
		A5EFE256272FF3580086EBAC /* SearchViewController.swift */ = {isa = PBXFileReference; lastKnownFileType = sourcecode.swift; path = SearchViewController.swift; sourceTree = "<group>"; };
		A5EFE258272FF3670086EBAC /* SearchCollectionViewCell.swift */ = {isa = PBXFileReference; lastKnownFileType = sourcecode.swift; path = SearchCollectionViewCell.swift; sourceTree = "<group>"; };
/* End PBXFileReference section */

/* Begin PBXFrameworksBuildPhase section */
		A59FAFA0272D5BE7000807A5 /* Frameworks */ = {
			isa = PBXFrameworksBuildPhase;
			buildActionMask = 2147483647;
			files = (
				A5335CA827AD67F200C67292 /* Kingfisher in Frameworks */,
				BBEE75F73738EB9868E09EE4 /* Pods_Modakyi.framework in Frameworks */,
			);
			runOnlyForDeploymentPostprocessing = 0;
		};
/* End PBXFrameworksBuildPhase section */

/* Begin PBXGroup section */
		3AFD37A595E093602189520C /* Pods */ = {
			isa = PBXGroup;
			children = (
				2FD333FAF9815CFB8F3F417C /* Pods-Modakyi.debug.xcconfig */,
				36FE3BA783AE6AF7B3264C9F /* Pods-Modakyi.release.xcconfig */,
			);
			path = Pods;
			sourceTree = "<group>";
		};
		A529238C27CB729600DD13EF /* Model */ = {
			isa = PBXGroup;
			children = (
				A5EFE240272FBC400086EBAC /* StudyStimulateText.swift */,
			);
			path = Model;
			sourceTree = "<group>";
		};
		A529238D27CB734900DD13EF /* EnterEmail */ = {
			isa = PBXGroup;
			children = (
				A59FAFBC272D624B000807A5 /* EnterEmailViewController.swift */,
				A529238A27CB654400DD13EF /* EnterEmailViewModel.swift */,
			);
			path = EnterEmail;
			sourceTree = "<group>";
		};
		A529239027CB739B00DD13EF /* ResetPassword */ = {
			isa = PBXGroup;
			children = (
				A5C2CC9127461B3400908A4D /* ResetPasswordViewController.swift */,
				A529238E27CB739500DD13EF /* ResetPasswordViewModel.swift */,
			);
			path = ResetPassword;
			sourceTree = "<group>";
		};
		A529239127CBA00900DD13EF /* Tutorial */ = {
			isa = PBXGroup;
			children = (
				A5D4611B274B3D91008DBF4B /* TutorialViewController.swift */,
				A529239227CBA01F00DD13EF /* TutorialViewModel.swift */,
			);
			path = Tutorial;
			sourceTree = "<group>";
		};
		A529721427DDB9EF005AC217 /* Cells */ = {
			isa = PBXGroup;
			children = (
				A519C12327DC7B5B00647BD7 /* MovingCell.swift */,
				A519C12527DC834F00647BD7 /* LogoutCell.swift */,
				A519C12727DC836000647BD7 /* AppCell.swift */,
				A529721727DDC310005AC217 /* ThemeTableViewCell.swift */,
				A55B811227DF116000C254BE /* FontTableViewCell.swift */,
				A538F5FF27E083C300996446 /* ThanksTableViewCell.swift */,
			);
			path = Cells;
			sourceTree = "<group>";
		};
		A529721927DDFA88005AC217 /* Manager */ = {
			isa = PBXGroup;
			children = (
				A529721A27DDFA98005AC217 /* ThemeManager.swift */,
				A55B810E27DF108F00C254BE /* FontManager.swift */,
			);
			path = Manager;
			sourceTree = "<group>";
		};
		A538F5FC27E0782C00996446 /* VC */ = {
			isa = PBXGroup;
			children = (
				A529721527DDBA78005AC217 /* ThemeViewController.swift */,
				A55B811027DF10B000C254BE /* FontViewController.swift */,
				A53507B52745F9EA003C7841 /* NoticeViewController.swift */,
				A519C12927DCBA0D00647BD7 /* VersionViewController.swift */,
				A519C12B27DCC2E200647BD7 /* AccountViewController.swift */,
				A538F5FD27E07D7700996446 /* ThanksTableViewController.swift */,
			);
			path = VC;
			sourceTree = "<group>";
		};
		A53C6BC92730F26400066A3F /* Setting */ = {
			isa = PBXGroup;
			children = (
				A519C12127DC751400647BD7 /* SettingTableViewController.swift */,
				A5912D0F27CA1F7200E2E822 /* SettingViewModel.swift */,
				A538F5FC27E0782C00996446 /* VC */,
				A529721427DDB9EF005AC217 /* Cells */,
			);
			path = Setting;
			sourceTree = "<group>";
		};
		A59FAF9A272D5BE7000807A5 = {
			isa = PBXGroup;
			children = (
				A59FAFA5272D5BE7000807A5 /* Modakyi */,
				3AFD37A595E093602189520C /* Pods */,
				CC8FA4A7A30BCBDF6148A2DB /* Frameworks */,
			);
			sourceTree = "<group>";
		};
		A59FAFA4272D5BE7000807A5 /* Products */ = {
			isa = PBXGroup;
			children = (
				A59FAFA3272D5BE7000807A5 /* Modakyi.app */,
			);
			name = Products;
			path = ..;
			sourceTree = "<group>";
		};
		A59FAFA5272D5BE7000807A5 /* Modakyi */ = {
			isa = PBXGroup;
			children = (
				A59FAFC4272D6CA8000807A5 /* Modakyi.entitlements */,
				A59FAFA6272D5BE7000807A5 /* AppDelegate.swift */,
				A59FAFA8272D5BE7000807A5 /* SceneDelegate.swift */,
				A59FAFBE272D655F000807A5 /* MainViewController.swift */,
				A55298CF2733920800DCB870 /* NetworkViewController.swift */,
				A529721927DDFA88005AC217 /* Manager */,
				A529238C27CB729600DD13EF /* Model */,
				A529239127CBA00900DD13EF /* Tutorial */,
				A59FAFC5272D6E79000807A5 /* Login */,
				A59FAFC6272D6E8F000807A5 /* Home */,
				A5EFE247272FD8090086EBAC /* Like */,
				A5EFE24E272FDDC40086EBAC /* Unused */,
				A5EFE255272FF3450086EBAC /* Search */,
				A5EFE244272FC3130086EBAC /* Detail */,
				A53C6BC92730F26400066A3F /* Setting */,
				A5A69B7127424171009F26CC /* Method */,
				A5BF515D274365A30006EFBC /* Font */,
				A59FAFA4272D5BE7000807A5 /* Products */,
				A59FAFAC272D5BE7000807A5 /* Main.storyboard */,
				A59FAFB1272D5BE8000807A5 /* LaunchScreen.storyboard */,
				A59FAFAF272D5BE8000807A5 /* Assets.xcassets */,
				A59FAFB4272D5BE8000807A5 /* Info.plist */,
				A585645A27AFA8EA00985AF2 /* GoogleService-Info.plist */,
			);
			path = Modakyi;
			sourceTree = "<group>";
		};
		A59FAFC5272D6E79000807A5 /* Login */ = {
			isa = PBXGroup;
			children = (
				A529239027CB739B00DD13EF /* ResetPassword */,
				A529238D27CB734900DD13EF /* EnterEmail */,
				A59FAFBA272D5C16000807A5 /* LoginViewController.swift */,
				A529238827CB3C6F00DD13EF /* LoginViewModel.swift */,
			);
			path = Login;
			sourceTree = "<group>";
		};
		A59FAFC6272D6E8F000807A5 /* Home */ = {
			isa = PBXGroup;
			children = (
				A59FAFC0272D6659000807A5 /* HomeViewController.swift */,
				A5EFE23C272FB8F00086EBAC /* HomeCollectionViewCell.swift */,
				A5EFE23E272FB9050086EBAC /* HomeCollectionHeaderView.swift */,
				A51AA99A27C89E26002DC390 /* HomeViewModel.swift */,
			);
			path = Home;
			sourceTree = "<group>";
		};
		A5A69B7127424171009F26CC /* Method */ = {
			isa = PBXGroup;
			children = (
				A55B55E7273F884300A3A814 /* NetworkCheck.swift */,
				A5BF5180274384660006EFBC /* SetValueCurrentUser.swift */,
				A5A69B6F2742416B009F26CC /* ShowViewController.swift */,
				A5BF517E274381A70006EFBC /* UIConfigure.swift */,
			);
			path = Method;
			sourceTree = "<group>";
		};
		A5BF515D274365A30006EFBC /* Font */ = {
			isa = PBXGroup;
			children = (
				A55B813827DF56B000C254BE /* LeeSeoyun.otf */,
				A55B813127DF521200C254BE /* UhBeeZZIBA-Regular.ttf */,
				A55B812C27DF4F3300C254BE /* Kyobo Handwriting 2019.otf */,
				A55B812D27DF4F3300C254BE /* KyoboHandwriting2020pdy.otf */,
				A55B812627DF45F600C254BE /* 강원교육모두.otf */,
				A55B812227DF45D400C254BE /* GowunBatang-Regular.ttf */,
				A55B812327DF45D400C254BE /* GowunDodum-Regular.ttf */,
				A55B811F27DF3B7F00C254BE /* NanumSquareRoundOTFB.otf */,
				A55B811E27DF3B7F00C254BE /* NanumSquareRoundOTFR.otf */,
				A55B811827DF2CBC00C254BE /* NanumBarunpenB.otf */,
				A55B811627DF2B7E00C254BE /* NanumBarunpenR.otf */,
				A55B811A27DF390C00C254BE /* EliceDigitalBaeumOTF_Bold.otf */,
				A55B811B27DF390C00C254BE /* EliceDigitalBaeumOTF_Regular.otf */,
				A5BF516C274365C90006EFBC /* HS새마을체.ttf */,
			);
			path = Font;
			sourceTree = "<group>";
		};
		A5EFE244272FC3130086EBAC /* Detail */ = {
			isa = PBXGroup;
			children = (
				A5EFE245272FC3340086EBAC /* DetailViewController.swift */,
				A54F36B62765C32F008EE7A4 /* ShareViewController.swift */,
				A5912D0B27C9F9E300E2E822 /* DetailViewModel.swift */,
			);
			path = Detail;
			sourceTree = "<group>";
		};
		A5EFE247272FD8090086EBAC /* Like */ = {
			isa = PBXGroup;
			children = (
				A5EFE248272FD8180086EBAC /* LikeViewController.swift */,
				A5EFE24A272FD8280086EBAC /* LikeCollectionViewCell.swift */,
				A5EFE24C272FD8370086EBAC /* LikeCollectionHeaderView.swift */,
				A51AA99C27C8E27D002DC390 /* LikeViewModel.swift */,
			);
			path = Like;
			sourceTree = "<group>";
		};
		A5EFE24E272FDDC40086EBAC /* Unused */ = {
			isa = PBXGroup;
			children = (
				A5EFE24F272FDDE20086EBAC /* UnusedViewController.swift */,
				A5EFE251272FDDF20086EBAC /* UnusedCollectionViewCell.swift */,
				A5EFE253272FDDFF0086EBAC /* UnusedCollectionHeaderView.swift */,
				A5912D0727C9D45C00E2E822 /* UnusedViewModel.swift */,
			);
			path = Unused;
			sourceTree = "<group>";
		};
		A5EFE255272FF3450086EBAC /* Search */ = {
			isa = PBXGroup;
			children = (
				A5EFE256272FF3580086EBAC /* SearchViewController.swift */,
				A5EFE258272FF3670086EBAC /* SearchCollectionViewCell.swift */,
				A561379A2734DCDD006C16CF /* SearchCollectionHeaderView.swift */,
				A5912D0927C9ECC100E2E822 /* SearchViewModel.swift */,
			);
			path = Search;
			sourceTree = "<group>";
		};
		CC8FA4A7A30BCBDF6148A2DB /* Frameworks */ = {
			isa = PBXGroup;
			children = (
				A55B55CB273F811000A3A814 /* FirebaseAuth.framework */,
				A55B55CC273F811000A3A814 /* FirebaseCore.framework */,
				A55B55CD273F811000A3A814 /* FirebaseCoreDiagnostics.framework */,
				A55B55CE273F811000A3A814 /* FirebaseDatabase.framework */,
				A55B55CF273F811000A3A814 /* FirebaseInstallations.framework */,
				A55B55B8273F802C00A3A814 /* FirebaseAnalytics.xcframework */,
				A55B55B9273F802C00A3A814 /* FirebaseAuth.framework */,
				A55B55BA273F802C00A3A814 /* FirebaseCore.framework */,
				A55B55BB273F802C00A3A814 /* FirebaseCoreDiagnostics.framework */,
				A55B55BC273F802C00A3A814 /* FirebaseDatabase.framework */,
				A55B55BD273F802C00A3A814 /* FirebaseInstallations.framework */,
				A55B55B0273F7CA700A3A814 /* FirebaseDatabase.framework */,
				47C009F1227421F2F4FB41CF /* Pods_Modakyi.framework */,
				A55B5573273F6E5E00A3A814 /* WidgetKit.framework */,
				A55B5575273F6E5E00A3A814 /* SwiftUI.framework */,
			);
			name = Frameworks;
			sourceTree = "<group>";
		};
/* End PBXGroup section */

/* Begin PBXNativeTarget section */
		A59FAFA2272D5BE7000807A5 /* Modakyi */ = {
			isa = PBXNativeTarget;
			buildConfigurationList = A59FAFB7272D5BE8000807A5 /* Build configuration list for PBXNativeTarget "Modakyi" */;
			buildPhases = (
				30452FE48AB066C389678324 /* [CP] Check Pods Manifest.lock */,
				A59FAF9F272D5BE7000807A5 /* Sources */,
				A59FAFA0272D5BE7000807A5 /* Frameworks */,
				A59FAFA1272D5BE7000807A5 /* Resources */,
				C02A572AD2756A7B6C849832 /* [CP] Embed Pods Frameworks */,
				A55B5583273F6E5F00A3A814 /* Embed App Extensions */,
				A57BA8B527B0F79B00BB647A /* SwiftLint */,
			);
			buildRules = (
			);
			dependencies = (
			);
			name = Modakyi;
			packageProductDependencies = (
				A5335CA727AD67F200C67292 /* Kingfisher */,
			);
			productName = Modakyi;
			productReference = A59FAFA3272D5BE7000807A5 /* Modakyi.app */;
			productType = "com.apple.product-type.application";
		};
/* End PBXNativeTarget section */

/* Begin PBXProject section */
		A59FAF9B272D5BE7000807A5 /* Project object */ = {
			isa = PBXProject;
			attributes = {
				BuildIndependentTargetsInParallel = 1;
				LastSwiftUpdateCheck = 1310;
				LastUpgradeCheck = 1310;
				TargetAttributes = {
					A59FAFA2272D5BE7000807A5 = {
						CreatedOnToolsVersion = 13.1;
					};
				};
			};
			buildConfigurationList = A59FAF9E272D5BE7000807A5 /* Build configuration list for PBXProject "Modakyi" */;
			compatibilityVersion = "Xcode 13.0";
			developmentRegion = en;
			hasScannedForEncodings = 0;
			knownRegions = (
				en,
				Base,
			);
			mainGroup = A59FAF9A272D5BE7000807A5;
			packageReferences = (
				A5335CA627AD67F200C67292 /* XCRemoteSwiftPackageReference "Kingfisher" */,
			);
			productRefGroup = A59FAFA4272D5BE7000807A5 /* Products */;
			projectDirPath = "";
			projectRoot = "";
			targets = (
				A59FAFA2272D5BE7000807A5 /* Modakyi */,
			);
		};
/* End PBXProject section */

/* Begin PBXResourcesBuildPhase section */
		A59FAFA1272D5BE7000807A5 /* Resources */ = {
			isa = PBXResourcesBuildPhase;
			buildActionMask = 2147483647;
			files = (
				A59FAFB3272D5BE8000807A5 /* LaunchScreen.storyboard in Resources */,
				A59FAFB0272D5BE8000807A5 /* Assets.xcassets in Resources */,
				A55B811D27DF390C00C254BE /* EliceDigitalBaeumOTF_Regular.otf in Resources */,
				A55B812427DF45D400C254BE /* GowunBatang-Regular.ttf in Resources */,
				A55B811927DF2CBC00C254BE /* NanumBarunpenB.otf in Resources */,
				A55B813427DF521200C254BE /* UhBeeZZIBA-Regular.ttf in Resources */,
				A55B812F27DF4F3300C254BE /* KyoboHandwriting2020pdy.otf in Resources */,
				A55B812927DF45F600C254BE /* 강원교육모두.otf in Resources */,
				A59FAFAE272D5BE7000807A5 /* Main.storyboard in Resources */,
				A55B811727DF2B7E00C254BE /* NanumBarunpenR.otf in Resources */,
				A55B812027DF3B7F00C254BE /* NanumSquareRoundOTFR.otf in Resources */,
				A55B812127DF3B7F00C254BE /* NanumSquareRoundOTFB.otf in Resources */,
				A55B812527DF45D400C254BE /* GowunDodum-Regular.ttf in Resources */,
				A5BF517C274365C90006EFBC /* HS새마을체.ttf in Resources */,
				A585645B27AFA8EA00985AF2 /* GoogleService-Info.plist in Resources */,
				A55B813927DF56B000C254BE /* LeeSeoyun.otf in Resources */,
				A55B812E27DF4F3300C254BE /* Kyobo Handwriting 2019.otf in Resources */,
				A55B811C27DF390C00C254BE /* EliceDigitalBaeumOTF_Bold.otf in Resources */,
			);
			runOnlyForDeploymentPostprocessing = 0;
		};
/* End PBXResourcesBuildPhase section */

/* Begin PBXShellScriptBuildPhase section */
		30452FE48AB066C389678324 /* [CP] Check Pods Manifest.lock */ = {
			isa = PBXShellScriptBuildPhase;
			buildActionMask = 2147483647;
			files = (
			);
			inputFileListPaths = (
			);
			inputPaths = (
				"${PODS_PODFILE_DIR_PATH}/Podfile.lock",
				"${PODS_ROOT}/Manifest.lock",
			);
			name = "[CP] Check Pods Manifest.lock";
			outputFileListPaths = (
			);
			outputPaths = (
				"$(DERIVED_FILE_DIR)/Pods-Modakyi-checkManifestLockResult.txt",
			);
			runOnlyForDeploymentPostprocessing = 0;
			shellPath = /bin/sh;
			shellScript = "diff \"${PODS_PODFILE_DIR_PATH}/Podfile.lock\" \"${PODS_ROOT}/Manifest.lock\" > /dev/null\nif [ $? != 0 ] ; then\n    # print error to STDERR\n    echo \"error: The sandbox is not in sync with the Podfile.lock. Run 'pod install' or update your CocoaPods installation.\" >&2\n    exit 1\nfi\n# This output is used by Xcode 'outputs' to avoid re-running this script phase.\necho \"SUCCESS\" > \"${SCRIPT_OUTPUT_FILE_0}\"\n";
			showEnvVarsInLog = 0;
		};
		A57BA8B527B0F79B00BB647A /* SwiftLint */ = {
			isa = PBXShellScriptBuildPhase;
			buildActionMask = 2147483647;
			files = (
			);
			inputFileListPaths = (
			);
			inputPaths = (
			);
			name = SwiftLint;
			outputFileListPaths = (
			);
			outputPaths = (
			);
			runOnlyForDeploymentPostprocessing = 0;
			shellPath = /bin/sh;
			shellScript = "\"${PODS_ROOT}/SwiftLint/swiftlint\"\n";
		};
		C02A572AD2756A7B6C849832 /* [CP] Embed Pods Frameworks */ = {
			isa = PBXShellScriptBuildPhase;
			buildActionMask = 2147483647;
			files = (
			);
			inputFileListPaths = (
				"${PODS_ROOT}/Target Support Files/Pods-Modakyi/Pods-Modakyi-frameworks-${CONFIGURATION}-input-files.xcfilelist",
			);
			name = "[CP] Embed Pods Frameworks";
			outputFileListPaths = (
				"${PODS_ROOT}/Target Support Files/Pods-Modakyi/Pods-Modakyi-frameworks-${CONFIGURATION}-output-files.xcfilelist",
			);
			runOnlyForDeploymentPostprocessing = 0;
			shellPath = /bin/sh;
			shellScript = "\"${PODS_ROOT}/Target Support Files/Pods-Modakyi/Pods-Modakyi-frameworks.sh\"\n";
			showEnvVarsInLog = 0;
		};
/* End PBXShellScriptBuildPhase section */

/* Begin PBXSourcesBuildPhase section */
		A59FAF9F272D5BE7000807A5 /* Sources */ = {
			isa = PBXSourcesBuildPhase;
			buildActionMask = 2147483647;
			files = (
				A529721627DDBA78005AC217 /* ThemeViewController.swift in Sources */,
				A5EFE24D272FD8370086EBAC /* LikeCollectionHeaderView.swift in Sources */,
				A55B55E8273F884300A3A814 /* NetworkCheck.swift in Sources */,
				A519C12627DC834F00647BD7 /* LogoutCell.swift in Sources */,
				A5912D0827C9D45C00E2E822 /* UnusedViewModel.swift in Sources */,
				A5EFE246272FC3340086EBAC /* DetailViewController.swift in Sources */,
				A5EFE23D272FB8F00086EBAC /* HomeCollectionViewCell.swift in Sources */,
				A59FAFBB272D5C16000807A5 /* LoginViewController.swift in Sources */,
				A5A69B702742416B009F26CC /* ShowViewController.swift in Sources */,
				A529721827DDC310005AC217 /* ThemeTableViewCell.swift in Sources */,
				A5912D1027CA1F7200E2E822 /* SettingViewModel.swift in Sources */,
				A5EFE252272FDDF20086EBAC /* UnusedCollectionViewCell.swift in Sources */,
				A529721B27DDFA98005AC217 /* ThemeManager.swift in Sources */,
				A5EFE23F272FB9050086EBAC /* HomeCollectionHeaderView.swift in Sources */,
				A59FAFA7272D5BE7000807A5 /* AppDelegate.swift in Sources */,
				A538F5FE27E07D7700996446 /* ThanksTableViewController.swift in Sources */,
				A5BF517F274381A70006EFBC /* UIConfigure.swift in Sources */,
				A5EFE250272FDDE20086EBAC /* UnusedViewController.swift in Sources */,
				A59FAFBD272D624B000807A5 /* EnterEmailViewController.swift in Sources */,
				A519C12C27DCC2E200647BD7 /* AccountViewController.swift in Sources */,
				A5912D0A27C9ECC100E2E822 /* SearchViewModel.swift in Sources */,
				A59FAFA9272D5BE7000807A5 /* SceneDelegate.swift in Sources */,
				A5EFE24B272FD8280086EBAC /* LikeCollectionViewCell.swift in Sources */,
				A529238B27CB654400DD13EF /* EnterEmailViewModel.swift in Sources */,
				A5EFE257272FF3580086EBAC /* SearchViewController.swift in Sources */,
				A55B811127DF10B000C254BE /* FontViewController.swift in Sources */,
				A59FAFBF272D655F000807A5 /* MainViewController.swift in Sources */,
				A5BF5181274384660006EFBC /* SetValueCurrentUser.swift in Sources */,
				A538F60027E083C300996446 /* ThanksTableViewCell.swift in Sources */,
				A54F36B72765C32F008EE7A4 /* ShareViewController.swift in Sources */,
				A519C12227DC751400647BD7 /* SettingTableViewController.swift in Sources */,
				A5EFE241272FBC400086EBAC /* StudyStimulateText.swift in Sources */,
				A55B810F27DF108F00C254BE /* FontManager.swift in Sources */,
				A5C2CC9227461B3400908A4D /* ResetPasswordViewController.swift in Sources */,
				A5912D0C27C9F9E300E2E822 /* DetailViewModel.swift in Sources */,
				A529239327CBA01F00DD13EF /* TutorialViewModel.swift in Sources */,
				A519C12827DC836000647BD7 /* AppCell.swift in Sources */,
				A519C12427DC7B5B00647BD7 /* MovingCell.swift in Sources */,
				A59FAFC1272D6659000807A5 /* HomeViewController.swift in Sources */,
				A53507B62745F9EA003C7841 /* NoticeViewController.swift in Sources */,
				A5D4611C274B3D91008DBF4B /* TutorialViewController.swift in Sources */,
				A529238927CB3C6F00DD13EF /* LoginViewModel.swift in Sources */,
				A5EFE254272FDDFF0086EBAC /* UnusedCollectionHeaderView.swift in Sources */,
				A5EFE259272FF3670086EBAC /* SearchCollectionViewCell.swift in Sources */,
				A561379B2734DCDD006C16CF /* SearchCollectionHeaderView.swift in Sources */,
				A55298D02733920800DCB870 /* NetworkViewController.swift in Sources */,
				A529238F27CB739500DD13EF /* ResetPasswordViewModel.swift in Sources */,
				A51AA99B27C89E26002DC390 /* HomeViewModel.swift in Sources */,
				A55B811327DF116000C254BE /* FontTableViewCell.swift in Sources */,
				A519C12A27DCBA0D00647BD7 /* VersionViewController.swift in Sources */,
				A5EFE249272FD8180086EBAC /* LikeViewController.swift in Sources */,
				A51AA99D27C8E27D002DC390 /* LikeViewModel.swift in Sources */,
			);
			runOnlyForDeploymentPostprocessing = 0;
		};
/* End PBXSourcesBuildPhase section */

/* Begin PBXVariantGroup section */
		A59FAFAC272D5BE7000807A5 /* Main.storyboard */ = {
			isa = PBXVariantGroup;
			children = (
				A59FAFAD272D5BE7000807A5 /* Base */,
			);
			name = Main.storyboard;
			sourceTree = "<group>";
		};
		A59FAFB1272D5BE8000807A5 /* LaunchScreen.storyboard */ = {
			isa = PBXVariantGroup;
			children = (
				A59FAFB2272D5BE8000807A5 /* Base */,
			);
			name = LaunchScreen.storyboard;
			sourceTree = "<group>";
		};
/* End PBXVariantGroup section */

/* Begin XCBuildConfiguration section */
		A59FAFB5272D5BE8000807A5 /* Debug */ = {
			isa = XCBuildConfiguration;
			buildSettings = {
				ALWAYS_SEARCH_USER_PATHS = NO;
				CLANG_ANALYZER_NONNULL = YES;
				CLANG_ANALYZER_NUMBER_OBJECT_CONVERSION = YES_AGGRESSIVE;
				CLANG_CXX_LANGUAGE_STANDARD = "gnu++17";
				CLANG_CXX_LIBRARY = "libc++";
				CLANG_ENABLE_MODULES = YES;
				CLANG_ENABLE_OBJC_ARC = YES;
				CLANG_ENABLE_OBJC_WEAK = YES;
				CLANG_WARN_BLOCK_CAPTURE_AUTORELEASING = YES;
				CLANG_WARN_BOOL_CONVERSION = YES;
				CLANG_WARN_COMMA = YES;
				CLANG_WARN_CONSTANT_CONVERSION = YES;
				CLANG_WARN_DEPRECATED_OBJC_IMPLEMENTATIONS = YES;
				CLANG_WARN_DIRECT_OBJC_ISA_USAGE = YES_ERROR;
				CLANG_WARN_DOCUMENTATION_COMMENTS = YES;
				CLANG_WARN_EMPTY_BODY = YES;
				CLANG_WARN_ENUM_CONVERSION = YES;
				CLANG_WARN_INFINITE_RECURSION = YES;
				CLANG_WARN_INT_CONVERSION = YES;
				CLANG_WARN_NON_LITERAL_NULL_CONVERSION = YES;
				CLANG_WARN_OBJC_IMPLICIT_RETAIN_SELF = YES;
				CLANG_WARN_OBJC_LITERAL_CONVERSION = YES;
				CLANG_WARN_OBJC_ROOT_CLASS = YES_ERROR;
				CLANG_WARN_QUOTED_INCLUDE_IN_FRAMEWORK_HEADER = YES;
				CLANG_WARN_RANGE_LOOP_ANALYSIS = YES;
				CLANG_WARN_STRICT_PROTOTYPES = YES;
				CLANG_WARN_SUSPICIOUS_MOVE = YES;
				CLANG_WARN_UNGUARDED_AVAILABILITY = YES_AGGRESSIVE;
				CLANG_WARN_UNREACHABLE_CODE = YES;
				CLANG_WARN__DUPLICATE_METHOD_MATCH = YES;
				COPY_PHASE_STRIP = NO;
				DEBUG_INFORMATION_FORMAT = dwarf;
				ENABLE_STRICT_OBJC_MSGSEND = YES;
				ENABLE_TESTABILITY = YES;
				GCC_C_LANGUAGE_STANDARD = gnu11;
				GCC_DYNAMIC_NO_PIC = NO;
				GCC_NO_COMMON_BLOCKS = YES;
				GCC_OPTIMIZATION_LEVEL = 0;
				GCC_PREPROCESSOR_DEFINITIONS = (
					"DEBUG=1",
					"$(inherited)",
				);
				GCC_WARN_64_TO_32_BIT_CONVERSION = YES;
				GCC_WARN_ABOUT_RETURN_TYPE = YES_ERROR;
				GCC_WARN_UNDECLARED_SELECTOR = YES;
				GCC_WARN_UNINITIALIZED_AUTOS = YES_AGGRESSIVE;
				GCC_WARN_UNUSED_FUNCTION = YES;
				GCC_WARN_UNUSED_VARIABLE = YES;
				IPHONEOS_DEPLOYMENT_TARGET = 15.0;
				MTL_ENABLE_DEBUG_INFO = INCLUDE_SOURCE;
				MTL_FAST_MATH = YES;
				ONLY_ACTIVE_ARCH = YES;
				SDKROOT = iphoneos;
				SWIFT_ACTIVE_COMPILATION_CONDITIONS = DEBUG;
				SWIFT_OPTIMIZATION_LEVEL = "-Onone";
			};
			name = Debug;
		};
		A59FAFB6272D5BE8000807A5 /* Release */ = {
			isa = XCBuildConfiguration;
			buildSettings = {
				ALWAYS_SEARCH_USER_PATHS = NO;
				CLANG_ANALYZER_NONNULL = YES;
				CLANG_ANALYZER_NUMBER_OBJECT_CONVERSION = YES_AGGRESSIVE;
				CLANG_CXX_LANGUAGE_STANDARD = "gnu++17";
				CLANG_CXX_LIBRARY = "libc++";
				CLANG_ENABLE_MODULES = YES;
				CLANG_ENABLE_OBJC_ARC = YES;
				CLANG_ENABLE_OBJC_WEAK = YES;
				CLANG_WARN_BLOCK_CAPTURE_AUTORELEASING = YES;
				CLANG_WARN_BOOL_CONVERSION = YES;
				CLANG_WARN_COMMA = YES;
				CLANG_WARN_CONSTANT_CONVERSION = YES;
				CLANG_WARN_DEPRECATED_OBJC_IMPLEMENTATIONS = YES;
				CLANG_WARN_DIRECT_OBJC_ISA_USAGE = YES_ERROR;
				CLANG_WARN_DOCUMENTATION_COMMENTS = YES;
				CLANG_WARN_EMPTY_BODY = YES;
				CLANG_WARN_ENUM_CONVERSION = YES;
				CLANG_WARN_INFINITE_RECURSION = YES;
				CLANG_WARN_INT_CONVERSION = YES;
				CLANG_WARN_NON_LITERAL_NULL_CONVERSION = YES;
				CLANG_WARN_OBJC_IMPLICIT_RETAIN_SELF = YES;
				CLANG_WARN_OBJC_LITERAL_CONVERSION = YES;
				CLANG_WARN_OBJC_ROOT_CLASS = YES_ERROR;
				CLANG_WARN_QUOTED_INCLUDE_IN_FRAMEWORK_HEADER = YES;
				CLANG_WARN_RANGE_LOOP_ANALYSIS = YES;
				CLANG_WARN_STRICT_PROTOTYPES = YES;
				CLANG_WARN_SUSPICIOUS_MOVE = YES;
				CLANG_WARN_UNGUARDED_AVAILABILITY = YES_AGGRESSIVE;
				CLANG_WARN_UNREACHABLE_CODE = YES;
				CLANG_WARN__DUPLICATE_METHOD_MATCH = YES;
				COPY_PHASE_STRIP = NO;
				DEBUG_INFORMATION_FORMAT = "dwarf-with-dsym";
				ENABLE_NS_ASSERTIONS = NO;
				ENABLE_STRICT_OBJC_MSGSEND = YES;
				GCC_C_LANGUAGE_STANDARD = gnu11;
				GCC_NO_COMMON_BLOCKS = YES;
				GCC_WARN_64_TO_32_BIT_CONVERSION = YES;
				GCC_WARN_ABOUT_RETURN_TYPE = YES_ERROR;
				GCC_WARN_UNDECLARED_SELECTOR = YES;
				GCC_WARN_UNINITIALIZED_AUTOS = YES_AGGRESSIVE;
				GCC_WARN_UNUSED_FUNCTION = YES;
				GCC_WARN_UNUSED_VARIABLE = YES;
				IPHONEOS_DEPLOYMENT_TARGET = 15.0;
				MTL_ENABLE_DEBUG_INFO = NO;
				MTL_FAST_MATH = YES;
				SDKROOT = iphoneos;
				SWIFT_COMPILATION_MODE = wholemodule;
				SWIFT_OPTIMIZATION_LEVEL = "-O";
				VALIDATE_PRODUCT = YES;
			};
			name = Release;
		};
		A59FAFB8272D5BE8000807A5 /* Debug */ = {
			isa = XCBuildConfiguration;
			baseConfigurationReference = 2FD333FAF9815CFB8F3F417C /* Pods-Modakyi.debug.xcconfig */;
			buildSettings = {
				ASSETCATALOG_COMPILER_APPICON_NAME = AppIcon;
				ASSETCATALOG_COMPILER_GLOBAL_ACCENT_COLOR_NAME = AccentColor;
				ASSETCATALOG_COMPILER_INCLUDE_ALL_APPICON_ASSETS = YES;
				CODE_SIGN_ENTITLEMENTS = Modakyi/Modakyi.entitlements;
				CODE_SIGN_STYLE = Automatic;
				CURRENT_PROJECT_VERSION = 13;
				DEVELOPMENT_TEAM = MZ4WUT4W35;
				GENERATE_INFOPLIST_FILE = YES;
				INFOPLIST_FILE = Modakyi/Info.plist;
				INFOPLIST_KEY_CFBundleDisplayName = "모닥이";
				INFOPLIST_KEY_NSPhotoLibraryAddUsageDescription = "사진첩에 글귀 이미지를 저장할 수 있습니다.";
				INFOPLIST_KEY_NSUserTrackingUsageDescription = "사용자 맞춤 서비스 제공을 위해 권한을 허용해 주세요. 애플 정책 기반 개인화된 광고 제공 목적으로만 사용됩니다.";
				INFOPLIST_KEY_UIApplicationSupportsIndirectInputEvents = YES;
				INFOPLIST_KEY_UILaunchStoryboardName = LaunchScreen;
				INFOPLIST_KEY_UIMainStoryboardFile = Main;
				INFOPLIST_KEY_UIRequiresFullScreen = YES;
				INFOPLIST_KEY_UIStatusBarHidden = NO;
				INFOPLIST_KEY_UISupportedInterfaceOrientations = "";
				INFOPLIST_KEY_UISupportedInterfaceOrientations_iPad = "UIInterfaceOrientationPortrait UIInterfaceOrientationPortraitUpsideDown UIInterfaceOrientationLandscapeLeft UIInterfaceOrientationLandscapeRight";
				INFOPLIST_KEY_UISupportedInterfaceOrientations_iPhone = "UIInterfaceOrientationPortrait UIInterfaceOrientationLandscapeLeft UIInterfaceOrientationLandscapeRight";
				INFOPLIST_KEY_UIUserInterfaceStyle = Light;
				LD_RUNPATH_SEARCH_PATHS = (
					"$(inherited)",
					"@executable_path/Frameworks",
				);
				MARKETING_VERSION = 1.5.0;
				PRODUCT_BUNDLE_IDENTIFIER = com.alswl.Modakyi;
				PRODUCT_NAME = "$(TARGET_NAME)";
				SWIFT_EMIT_LOC_STRINGS = YES;
				SWIFT_VERSION = 5.0;
				TARGETED_DEVICE_FAMILY = "1,2";
			};
			name = Debug;
		};
		A59FAFB9272D5BE8000807A5 /* Release */ = {
			isa = XCBuildConfiguration;
			baseConfigurationReference = 36FE3BA783AE6AF7B3264C9F /* Pods-Modakyi.release.xcconfig */;
			buildSettings = {
				ASSETCATALOG_COMPILER_APPICON_NAME = AppIcon;
				ASSETCATALOG_COMPILER_GLOBAL_ACCENT_COLOR_NAME = AccentColor;
				ASSETCATALOG_COMPILER_INCLUDE_ALL_APPICON_ASSETS = YES;
				CODE_SIGN_ENTITLEMENTS = Modakyi/Modakyi.entitlements;
				CODE_SIGN_STYLE = Automatic;
				CURRENT_PROJECT_VERSION = 13;
				DEVELOPMENT_TEAM = MZ4WUT4W35;
				GENERATE_INFOPLIST_FILE = YES;
				INFOPLIST_FILE = Modakyi/Info.plist;
				INFOPLIST_KEY_CFBundleDisplayName = "모닥이";
				INFOPLIST_KEY_NSPhotoLibraryAddUsageDescription = "사진첩에 글귀 이미지를 저장할 수 있습니다.";
				INFOPLIST_KEY_NSUserTrackingUsageDescription = "사용자 맞춤 서비스 제공을 위해 권한을 허용해 주세요. 애플 정책 기반 개인화된 광고 제공 목적으로만 사용됩니다.";
				INFOPLIST_KEY_UIApplicationSupportsIndirectInputEvents = YES;
				INFOPLIST_KEY_UILaunchStoryboardName = LaunchScreen;
				INFOPLIST_KEY_UIMainStoryboardFile = Main;
				INFOPLIST_KEY_UIRequiresFullScreen = YES;
				INFOPLIST_KEY_UIStatusBarHidden = NO;
				INFOPLIST_KEY_UISupportedInterfaceOrientations = "";
				INFOPLIST_KEY_UISupportedInterfaceOrientations_iPad = "UIInterfaceOrientationPortrait UIInterfaceOrientationPortraitUpsideDown UIInterfaceOrientationLandscapeLeft UIInterfaceOrientationLandscapeRight";
				INFOPLIST_KEY_UISupportedInterfaceOrientations_iPhone = "UIInterfaceOrientationPortrait UIInterfaceOrientationLandscapeLeft UIInterfaceOrientationLandscapeRight";
				INFOPLIST_KEY_UIUserInterfaceStyle = Light;
				LD_RUNPATH_SEARCH_PATHS = (
					"$(inherited)",
					"@executable_path/Frameworks",
				);
				MARKETING_VERSION = 1.5.0;
				PRODUCT_BUNDLE_IDENTIFIER = com.alswl.Modakyi;
				PRODUCT_NAME = "$(TARGET_NAME)";
				SWIFT_EMIT_LOC_STRINGS = YES;
				SWIFT_VERSION = 5.0;
				TARGETED_DEVICE_FAMILY = "1,2";
			};
			name = Release;
		};
/* End XCBuildConfiguration section */

/* Begin XCConfigurationList section */
		A59FAF9E272D5BE7000807A5 /* Build configuration list for PBXProject "Modakyi" */ = {
			isa = XCConfigurationList;
			buildConfigurations = (
				A59FAFB5272D5BE8000807A5 /* Debug */,
				A59FAFB6272D5BE8000807A5 /* Release */,
			);
			defaultConfigurationIsVisible = 0;
			defaultConfigurationName = Release;
		};
		A59FAFB7272D5BE8000807A5 /* Build configuration list for PBXNativeTarget "Modakyi" */ = {
			isa = XCConfigurationList;
			buildConfigurations = (
				A59FAFB8272D5BE8000807A5 /* Debug */,
				A59FAFB9272D5BE8000807A5 /* Release */,
			);
			defaultConfigurationIsVisible = 0;
			defaultConfigurationName = Release;
		};
/* End XCConfigurationList section */

/* Begin XCRemoteSwiftPackageReference section */
		A5335CA627AD67F200C67292 /* XCRemoteSwiftPackageReference "Kingfisher" */ = {
			isa = XCRemoteSwiftPackageReference;
			repositoryURL = "https://github.com/onevcat/Kingfisher.git";
			requirement = {
				kind = upToNextMajorVersion;
				minimumVersion = 7.0.0;
			};
		};
/* End XCRemoteSwiftPackageReference section */

/* Begin XCSwiftPackageProductDependency section */
		A5335CA727AD67F200C67292 /* Kingfisher */ = {
			isa = XCSwiftPackageProductDependency;
			package = A5335CA627AD67F200C67292 /* XCRemoteSwiftPackageReference "Kingfisher" */;
			productName = Kingfisher;
		};
/* End XCSwiftPackageProductDependency section */
	};
	rootObject = A59FAF9B272D5BE7000807A5 /* Project object */;
}
